
Microsoft Visual Studio Solution File, Format Version 12.00
# Visual Studio Version 17
VisualStudioVersion = 17.11.35312.102
MinimumVisualStudioVersion = 10.0.40219.1
Project("{FAE04EC0-301F-11D3-BF4B-00C04F79EFBC}") = "Poiect_cafea", "Poiect_cafea.csproj", "{5F8EAA8C-2C88-493C-A137-B2870D3A0649}"
EndProject
Global
	GlobalSection(SolutionConfigurationPlatforms) = preSolution
		Debug|Any CPU = Debug|Any CPU
		Release|Any CPU = Release|Any CPU
	EndGlobalSection
	GlobalSection(ProjectConfigurationPlatforms) = postSolution
		{5F8EAA8C-2C88-493C-A137-B2870D3A0649}.Debug|Any CPU.ActiveCfg = Debug|Any CPU
		{5F8EAA8C-2C88-493C-A137-B2870D3A0649}.Debug|Any CPU.Build.0 = Debug|Any CPU
		{5F8EAA8C-2C88-493C-A137-B2870D3A0649}.Release|Any CPU.ActiveCfg = Release|Any CPU
		{5F8EAA8C-2C88-493C-A137-B2870D3A0649}.Release|Any CPU.Build.0 = Release|Any CPU
	EndGlobalSection
	GlobalSection(SolutionProperties) = preSolution
		HideSolutionNode = FALSE
	EndGlobalSection
	GlobalSection(ExtensibilityGlobals) = postSolution
		SolutionGuid = {19B7D66C-6F59-40AC-91CB-4C066729CBE4}
	EndGlobalSection
EndGlobal
